
Microsoft Visual Studio Solution File, Format Version 12.00
# Visual Studio Version 17
VisualStudioVersion = 17.3.32922.545
MinimumVisualStudioVersion = 10.0.40219.1
Project("{FAE04EC0-301F-11D3-BF4B-00C04F79EFBC}") = "Proekt", "Proekt.csproj", "{87421186-8431-48AC-B522-422753450E17}"
EndProject
Global
	GlobalSection(SolutionConfigurationPlatforms) = preSolution
		Debug|Any CPU = Debug|Any CPU
		Release|Any CPU = Release|Any CPU
	EndGlobalSection
	GlobalSection(ProjectConfigurationPlatforms) = postSolution
		{87421186-8431-48AC-B522-422753450E17}.Debug|Any CPU.ActiveCfg = Debug|Any CPU
		{87421186-8431-48AC-B522-422753450E17}.Debug|Any CPU.Build.0 = Debug|Any CPU
		{87421186-8431-48AC-B522-422753450E17}.Release|Any CPU.ActiveCfg = Release|Any CPU
		{87421186-8431-48AC-B522-422753450E17}.Release|Any CPU.Build.0 = Release|Any CPU
	EndGlobalSection
	GlobalSection(SolutionProperties) = preSolution
		HideSolutionNode = FALSE
	EndGlobalSection
	GlobalSection(ExtensibilityGlobals) = postSolution
		SolutionGuid = {09854159-6106-4E31-86E2-8D1BAD5E8B25}
	EndGlobalSection
EndGlobal
